
Microsoft Visual Studio Solution File, Format Version 12.00
# Visual Studio Version 17
VisualStudioVersion = 17.5.002.0
MinimumVisualStudioVersion = 10.0.40219.1
Project("{9A19103F-16F7-4668-BE54-9A1E7A4F7556}") = "anti-trust", "anti-trust.csproj", "{F8F2F75B-2AA7-4BB6-8289-1FADF3308D13}"
EndProject
Project("{2150E333-8FDC-42A3-9474-1A3956D46DE8}") = "privatebin", "privatebin", "{7709BD60-295D-48E0-B4A6-F7E2B8148AAA}"
EndProject
Project("{9A19103F-16F7-4668-BE54-9A1E7A4F7556}") = "AlbumObjects", "privatebin\code\AlbumObjects.csproj", "{52CA0B7D-1A29-4F8E-AA03-A9330EF5F2F3}"
EndProject
Global
	GlobalSection(SolutionConfigurationPlatforms) = preSolution
		Debug|Any CPU = Debug|Any CPU
		Release|Any CPU = Release|Any CPU
	EndGlobalSection
	GlobalSection(ProjectConfigurationPlatforms) = postSolution
		{F8F2F75B-2AA7-4BB6-8289-1FADF3308D13}.Debug|Any CPU.ActiveCfg = Debug|Any CPU
		{F8F2F75B-2AA7-4BB6-8289-1FADF3308D13}.Debug|Any CPU.Build.0 = Debug|Any CPU
		{F8F2F75B-2AA7-4BB6-8289-1FADF3308D13}.Release|Any CPU.ActiveCfg = Release|Any CPU
		{F8F2F75B-2AA7-4BB6-8289-1FADF3308D13}.Release|Any CPU.Build.0 = Release|Any CPU
		{52CA0B7D-1A29-4F8E-AA03-A9330EF5F2F3}.Debug|Any CPU.ActiveCfg = Debug|Any CPU
		{52CA0B7D-1A29-4F8E-AA03-A9330EF5F2F3}.Debug|Any CPU.Build.0 = Debug|Any CPU
		{52CA0B7D-1A29-4F8E-AA03-A9330EF5F2F3}.Release|Any CPU.ActiveCfg = Release|Any CPU
		{52CA0B7D-1A29-4F8E-AA03-A9330EF5F2F3}.Release|Any CPU.Build.0 = Release|Any CPU
	EndGlobalSection
	GlobalSection(SolutionProperties) = preSolution
		HideSolutionNode = FALSE
	EndGlobalSection
	GlobalSection(NestedProjects) = preSolution
		{52CA0B7D-1A29-4F8E-AA03-A9330EF5F2F3} = {7709BD60-295D-48E0-B4A6-F7E2B8148AAA}
	EndGlobalSection
	GlobalSection(ExtensibilityGlobals) = postSolution
		SolutionGuid = {74AF1F49-3DEE-409D-A67D-D044E3390703}
	EndGlobalSection
EndGlobal
