{
  "requires": true,
  "lockfileVersion": 1,
  "dependencies": {
    "jquery": {
      "version": "3.5.1",
      "resolved": "https://registry.npmjs.org/jquery/-/jquery-3.5.1.tgz",
      "integrity": "sha512-XwIBPqcMn57FxfT+Go5pzySnm4KWkT1Tv7gjrpT1srtf8Weynl6R273VJ5GjkRb51IzMp5nbaPjJXMWeju2MKg=="
    },
    "jquery.button-audio-player": {
      "version": "1.0.3",
      "resolved": "https://registry.npmjs.org/jquery.button-audio-player/-/jquery.button-audio-player-1.0.3.tgz",
      "integrity": "sha512-/RwFc9l0QOSePpvBpzqGIsWe7YclFqUGtqnA6ZnmTiW/AWiq1xSDv8iIjM5uErHvVdThXyainw1TDSuY9TKhdA==",
      "requires": {
        "jquery": "^3.4.1"
      }
    }
  }
}
